
Microsoft Visual Studio Solution File, Format Version 12.00
# Visual Studio Version 17
VisualStudioVersion = 17.3.32922.545
MinimumVisualStudioVersion = 10.0.40219.1
Project("{FAE04EC0-301F-11D3-BF4B-00C04F79EFBC}") = "testBotAsp", "testBotAsp.csproj", "{6FDD0B31-66AB-42F8-9C81-32A70058A587}"
EndProject
Global
	GlobalSection(SolutionConfigurationPlatforms) = preSolution
		Debug|Any CPU = Debug|Any CPU
		Release|Any CPU = Release|Any CPU
	EndGlobalSection
	GlobalSection(ProjectConfigurationPlatforms) = postSolution
		{6FDD0B31-66AB-42F8-9C81-32A70058A587}.Debug|Any CPU.ActiveCfg = Debug|Any CPU
		{6FDD0B31-66AB-42F8-9C81-32A70058A587}.Debug|Any CPU.Build.0 = Debug|Any CPU
		{6FDD0B31-66AB-42F8-9C81-32A70058A587}.Release|Any CPU.ActiveCfg = Release|Any CPU
		{6FDD0B31-66AB-42F8-9C81-32A70058A587}.Release|Any CPU.Build.0 = Release|Any CPU
	EndGlobalSection
	GlobalSection(SolutionProperties) = preSolution
		HideSolutionNode = FALSE
	EndGlobalSection
	GlobalSection(ExtensibilityGlobals) = postSolution
		SolutionGuid = {812CEC13-2E6B-474C-AB49-5D08E7E75504}
	EndGlobalSection
EndGlobal
